
Microsoft Visual Studio Solution File, Format Version 12.00
# Visual Studio Version 17
VisualStudioVersion = 17.9.34728.123
MinimumVisualStudioVersion = 10.0.40219.1
Project("{FAE04EC0-301F-11D3-BF4B-00C04F79EFBC}") = "Tienda", "Tienda.csproj", "{23BF52BE-C355-4BD4-B236-38AB8CA8CB92}"
EndProject
Global
	GlobalSection(SolutionConfigurationPlatforms) = preSolution
		Debug|Any CPU = Debug|Any CPU
		Debug|x64 = Debug|x64
		Release|Any CPU = Release|Any CPU
		Release|x64 = Release|x64
	EndGlobalSection
	GlobalSection(ProjectConfigurationPlatforms) = postSolution
		{23BF52BE-C355-4BD4-B236-38AB8CA8CB92}.Debug|Any CPU.ActiveCfg = Debug|Any CPU
		{23BF52BE-C355-4BD4-B236-38AB8CA8CB92}.Debug|Any CPU.Build.0 = Debug|Any CPU
		{23BF52BE-C355-4BD4-B236-38AB8CA8CB92}.Debug|Any CPU.Deploy.0 = Debug|Any CPU
		{23BF52BE-C355-4BD4-B236-38AB8CA8CB92}.Debug|x64.ActiveCfg = Debug|x64
		{23BF52BE-C355-4BD4-B236-38AB8CA8CB92}.Debug|x64.Build.0 = Debug|x64
		{23BF52BE-C355-4BD4-B236-38AB8CA8CB92}.Debug|x64.Deploy.0 = Debug|x64
		{23BF52BE-C355-4BD4-B236-38AB8CA8CB92}.Release|Any CPU.ActiveCfg = Release|Any CPU
		{23BF52BE-C355-4BD4-B236-38AB8CA8CB92}.Release|Any CPU.Build.0 = Release|Any CPU
		{23BF52BE-C355-4BD4-B236-38AB8CA8CB92}.Release|Any CPU.Deploy.0 = Release|Any CPU
		{23BF52BE-C355-4BD4-B236-38AB8CA8CB92}.Release|x64.ActiveCfg = Release|x64
		{23BF52BE-C355-4BD4-B236-38AB8CA8CB92}.Release|x64.Build.0 = Release|x64
		{23BF52BE-C355-4BD4-B236-38AB8CA8CB92}.Release|x64.Deploy.0 = Release|x64
	EndGlobalSection
	GlobalSection(SolutionProperties) = preSolution
		HideSolutionNode = FALSE
	EndGlobalSection
	GlobalSection(ExtensibilityGlobals) = postSolution
		SolutionGuid = {0D68DC4A-D855-4574-81B0-B7F92F287DF4}
	EndGlobalSection
EndGlobal
