
Microsoft Visual Studio Solution File, Format Version 12.00
# Visual Studio Version 17
VisualStudioVersion = 17.9.34728.123
MinimumVisualStudioVersion = 10.0.40219.1
Project("{9A19103F-16F7-4668-BE54-9A1E7A4F7556}") = "Biblioteca", "Biblioteca.csproj", "{AE08A789-9AD7-4854-A595-D7CC0CDCFA6B}"
EndProject
Global
	GlobalSection(SolutionConfigurationPlatforms) = preSolution
		Debug|Any CPU = Debug|Any CPU
		Debug|x64 = Debug|x64
		Release|Any CPU = Release|Any CPU
		Release|x64 = Release|x64
	EndGlobalSection
	GlobalSection(ProjectConfigurationPlatforms) = postSolution
		{AE08A789-9AD7-4854-A595-D7CC0CDCFA6B}.Debug|Any CPU.ActiveCfg = Debug|Any CPU
		{AE08A789-9AD7-4854-A595-D7CC0CDCFA6B}.Debug|Any CPU.Build.0 = Debug|Any CPU
		{AE08A789-9AD7-4854-A595-D7CC0CDCFA6B}.Debug|Any CPU.Deploy.0 = Debug|Any CPU
		{AE08A789-9AD7-4854-A595-D7CC0CDCFA6B}.Debug|x64.ActiveCfg = Debug|x64
		{AE08A789-9AD7-4854-A595-D7CC0CDCFA6B}.Debug|x64.Build.0 = Debug|x64
		{AE08A789-9AD7-4854-A595-D7CC0CDCFA6B}.Debug|x64.Deploy.0 = Debug|x64
		{AE08A789-9AD7-4854-A595-D7CC0CDCFA6B}.Release|Any CPU.ActiveCfg = Release|Any CPU
		{AE08A789-9AD7-4854-A595-D7CC0CDCFA6B}.Release|Any CPU.Build.0 = Release|Any CPU
		{AE08A789-9AD7-4854-A595-D7CC0CDCFA6B}.Release|Any CPU.Deploy.0 = Release|Any CPU
		{AE08A789-9AD7-4854-A595-D7CC0CDCFA6B}.Release|x64.ActiveCfg = Release|x64
		{AE08A789-9AD7-4854-A595-D7CC0CDCFA6B}.Release|x64.Build.0 = Release|x64
		{AE08A789-9AD7-4854-A595-D7CC0CDCFA6B}.Release|x64.Deploy.0 = Release|x64
	EndGlobalSection
	GlobalSection(SolutionProperties) = preSolution
		HideSolutionNode = FALSE
	EndGlobalSection
	GlobalSection(ExtensibilityGlobals) = postSolution
		SolutionGuid = {CEE8EE64-2681-4140-9BC0-12DA27C670AD}
	EndGlobalSection
EndGlobal
